// !$*UTF8*$!
{
	archiveVersion = 1;
	classes = {
	};
	objectVersion = 50;
	objects = {

/* Begin PBXBuildFile section */
		C88980802110784900C819E6 /* AppDelegate.swift in Sources */ = {isa = PBXBuildFile; fileRef = C889807F2110784900C819E6 /* AppDelegate.swift */; };
		C88980822110784900C819E6 /* ViewController.swift in Sources */ = {isa = PBXBuildFile; fileRef = C88980812110784900C819E6 /* ViewController.swift */; };
		C88980842110784B00C819E6 /* Assets.xcassets in Resources */ = {isa = PBXBuildFile; fileRef = C88980832110784B00C819E6 /* Assets.xcassets */; };
		C88980872110784B00C819E6 /* Main.storyboard in Resources */ = {isa = PBXBuildFile; fileRef = C88980852110784B00C819E6 /* Main.storyboard */; };
		C8898090211078F500C819E6 /* Parser.swift in Sources */ = {isa = PBXBuildFile; fileRef = C889808F211078F500C819E6 /* Parser.swift */; };
		C8898093211086DA00C819E6 /* SwiftyXMLParser.framework in Frameworks */ = {isa = PBXBuildFile; fileRef = C8898092211086DA00C819E6 /* SwiftyXMLParser.framework */; };
		C88980942110873B00C819E6 /* SwiftyXMLParser.framework in Frameworks */ = {isa = PBXBuildFile; fileRef = C8898092211086DA00C819E6 /* SwiftyXMLParser.framework */; };
		C88980952110873B00C819E6 /* SwiftyXMLParser.framework in Embed Frameworks */ = {isa = PBXBuildFile; fileRef = C8898092211086DA00C819E6 /* SwiftyXMLParser.framework */; settings = {ATTRIBUTES = (CodeSignOnCopy, RemoveHeadersOnCopy, ); }; };
/* End PBXBuildFile section */

/* Begin PBXCopyFilesBuildPhase section */
		C88980962110873B00C819E6 /* Embed Frameworks */ = {
			isa = PBXCopyFilesBuildPhase;
			buildActionMask = 2147483647;
			dstPath = "";
			dstSubfolderSpec = 10;
			files = (
				C88980952110873B00C819E6 /* SwiftyXMLParser.framework in Embed Frameworks */,
			);
			name = "Embed Frameworks";
			runOnlyForDeploymentPostprocessing = 0;
		};
/* End PBXCopyFilesBuildPhase section */

/* Begin PBXFileReference section */
		C889807C2110784800C819E6 /* XliffParser.app */ = {isa = PBXFileReference; explicitFileType = wrapper.application; includeInIndex = 0; path = XliffParser.app; sourceTree = BUILT_PRODUCTS_DIR; };
		C889807F2110784900C819E6 /* AppDelegate.swift */ = {isa = PBXFileReference; lastKnownFileType = sourcecode.swift; path = AppDelegate.swift; sourceTree = "<group>"; };
		C88980812110784900C819E6 /* ViewController.swift */ = {isa = PBXFileReference; lastKnownFileType = sourcecode.swift; path = ViewController.swift; sourceTree = "<group>"; };
		C88980832110784B00C819E6 /* Assets.xcassets */ = {isa = PBXFileReference; lastKnownFileType = folder.assetcatalog; path = Assets.xcassets; sourceTree = "<group>"; };
		C88980862110784B00C819E6 /* Base */ = {isa = PBXFileReference; lastKnownFileType = file.storyboard; name = Base; path = Base.lproj/Main.storyboard; sourceTree = "<group>"; };
		C88980882110784B00C819E6 /* Info.plist */ = {isa = PBXFileReference; lastKnownFileType = text.plist.xml; path = Info.plist; sourceTree = "<group>"; };
		C88980892110784C00C819E6 /* XliffParser.entitlements */ = {isa = PBXFileReference; lastKnownFileType = text.plist.entitlements; path = XliffParser.entitlements; sourceTree = "<group>"; };
		C889808F211078F500C819E6 /* Parser.swift */ = {isa = PBXFileReference; lastKnownFileType = sourcecode.swift; path = Parser.swift; sourceTree = "<group>"; };
		C8898092211086DA00C819E6 /* SwiftyXMLParser.framework */ = {isa = PBXFileReference; lastKnownFileType = wrapper.framework; name = SwiftyXMLParser.framework; path = XliffParser/SwiftyXMLParser.framework; sourceTree = "<group>"; };
/* End PBXFileReference section */

/* Begin PBXFrameworksBuildPhase section */
		C88980792110784800C819E6 /* Frameworks */ = {
			isa = PBXFrameworksBuildPhase;
			buildActionMask = 2147483647;
			files = (
				C8898093211086DA00C819E6 /* SwiftyXMLParser.framework in Frameworks */,
				C88980942110873B00C819E6 /* SwiftyXMLParser.framework in Frameworks */,
			);
			runOnlyForDeploymentPostprocessing = 0;
		};
/* End PBXFrameworksBuildPhase section */

/* Begin PBXGroup section */
		C88980732110784800C819E6 = {
			isa = PBXGroup;
			children = (
				C889807E2110784900C819E6 /* XliffParser */,
				C889807D2110784800C819E6 /* Products */,
				C8898091211086D900C819E6 /* Frameworks */,
			);
			sourceTree = "<group>";
		};
		C889807D2110784800C819E6 /* Products */ = {
			isa = PBXGroup;
			children = (
				C889807C2110784800C819E6 /* XliffParser.app */,
			);
			name = Products;
			sourceTree = "<group>";
		};
		C889807E2110784900C819E6 /* XliffParser */ = {
			isa = PBXGroup;
			children = (
				C889807F2110784900C819E6 /* AppDelegate.swift */,
				C88980812110784900C819E6 /* ViewController.swift */,
				C88980832110784B00C819E6 /* Assets.xcassets */,
				C88980852110784B00C819E6 /* Main.storyboard */,
				C88980882110784B00C819E6 /* Info.plist */,
				C88980892110784C00C819E6 /* XliffParser.entitlements */,
				C889808F211078F500C819E6 /* Parser.swift */,
			);
			path = XliffParser;
			sourceTree = "<group>";
		};
		C8898091211086D900C819E6 /* Frameworks */ = {
			isa = PBXGroup;
			children = (
				C8898092211086DA00C819E6 /* SwiftyXMLParser.framework */,
			);
			name = Frameworks;
			sourceTree = "<group>";
		};
/* End PBXGroup section */

/* Begin PBXNativeTarget section */
		C889807B2110784800C819E6 /* XliffParser */ = {
			isa = PBXNativeTarget;
			buildConfigurationList = C889808C2110784C00C819E6 /* Build configuration list for PBXNativeTarget "XliffParser" */;
			buildPhases = (
				C88980782110784800C819E6 /* Sources */,
				C88980792110784800C819E6 /* Frameworks */,
				C889807A2110784800C819E6 /* Resources */,
				C88980962110873B00C819E6 /* Embed Frameworks */,
			);
			buildRules = (
			);
			dependencies = (
			);
			name = XliffParser;
			productName = XliffParser;
			productReference = C889807C2110784800C819E6 /* XliffParser.app */;
			productType = "com.apple.product-type.application";
		};
/* End PBXNativeTarget section */

/* Begin PBXProject section */
		C88980742110784800C819E6 /* Project object */ = {
			isa = PBXProject;
			attributes = {
				LastSwiftUpdateCheck = 0940;
				LastUpgradeCheck = 0940;
				ORGANIZATIONNAME = "Tudor Ana";
				TargetAttributes = {
					C889807B2110784800C819E6 = {
						CreatedOnToolsVersion = 9.4.1;
					};
				};
			};
			buildConfigurationList = C88980772110784800C819E6 /* Build configuration list for PBXProject "XliffParser" */;
			compatibilityVersion = "Xcode 9.3";
			developmentRegion = en;
			hasScannedForEncodings = 0;
			knownRegions = (
				en,
				Base,
			);
			mainGroup = C88980732110784800C819E6;
			productRefGroup = C889807D2110784800C819E6 /* Products */;
			projectDirPath = "";
			projectRoot = "";
			targets = (
				C889807B2110784800C819E6 /* XliffParser */,
			);
		};
/* End PBXProject section */

/* Begin PBXResourcesBuildPhase section */
		C889807A2110784800C819E6 /* Resources */ = {
			isa = PBXResourcesBuildPhase;
			buildActionMask = 2147483647;
			files = (
				C88980842110784B00C819E6 /* Assets.xcassets in Resources */,
				C88980872110784B00C819E6 /* Main.storyboard in Resources */,
			);
			runOnlyForDeploymentPostprocessing = 0;
		};
/* End PBXResourcesBuildPhase section */

/* Begin PBXSourcesBuildPhase section */
		C88980782110784800C819E6 /* Sources */ = {
			isa = PBXSourcesBuildPhase;
			buildActionMask = 2147483647;
			files = (
				C88980822110784900C819E6 /* ViewController.swift in Sources */,
				C88980802110784900C819E6 /* AppDelegate.swift in Sources */,
				C8898090211078F500C819E6 /* Parser.swift in Sources */,
			);
			runOnlyForDeploymentPostprocessing = 0;
		};
/* End PBXSourcesBuildPhase section */

/* Begin PBXVariantGroup section */
		C88980852110784B00C819E6 /* Main.storyboard */ = {
			isa = PBXVariantGroup;
			children = (
				C88980862110784B00C819E6 /* Base */,
			);
			name = Main.storyboard;
			sourceTree = "<group>";
		};
/* End PBXVariantGroup section */

/* Begin XCBuildConfiguration section */
		C889808A2110784C00C819E6 /* Debug */ = {
			isa = XCBuildConfiguration;
			buildSettings = {
				ALWAYS_SEARCH_USER_PATHS = NO;
				CLANG_ANALYZER_NONNULL = YES;
				CLANG_ANALYZER_NUMBER_OBJECT_CONVERSION = YES_AGGRESSIVE;
				CLANG_CXX_LANGUAGE_STANDARD = "gnu++14";
				CLANG_CXX_LIBRARY = "libc++";
				CLANG_ENABLE_MODULES = YES;
				CLANG_ENABLE_OBJC_ARC = YES;
				CLANG_ENABLE_OBJC_WEAK = YES;
				CLANG_WARN_BLOCK_CAPTURE_AUTORELEASING = YES;
				CLANG_WARN_BOOL_CONVERSION = YES;
				CLANG_WARN_COMMA = YES;
				CLANG_WARN_CONSTANT_CONVERSION = YES;
				CLANG_WARN_DEPRECATED_OBJC_IMPLEMENTATIONS = YES;
				CLANG_WARN_DIRECT_OBJC_ISA_USAGE = YES_ERROR;
				CLANG_WARN_DOCUMENTATION_COMMENTS = YES;
				CLANG_WARN_EMPTY_BODY = YES;
				CLANG_WARN_ENUM_CONVERSION = YES;
				CLANG_WARN_INFINITE_RECURSION = YES;
				CLANG_WARN_INT_CONVERSION = YES;
				CLANG_WARN_NON_LITERAL_NULL_CONVERSION = YES;
				CLANG_WARN_OBJC_IMPLICIT_RETAIN_SELF = YES;
				CLANG_WARN_OBJC_LITERAL_CONVERSION = YES;
				CLANG_WARN_OBJC_ROOT_CLASS = YES_ERROR;
				CLANG_WARN_RANGE_LOOP_ANALYSIS = YES;
				CLANG_WARN_STRICT_PROTOTYPES = YES;
				CLANG_WARN_SUSPICIOUS_MOVE = YES;
				CLANG_WARN_UNGUARDED_AVAILABILITY = YES_AGGRESSIVE;
				CLANG_WARN_UNREACHABLE_CODE = YES;
				CLANG_WARN__DUPLICATE_METHOD_MATCH = YES;
				CODE_SIGN_IDENTITY = "Mac Developer";
				COPY_PHASE_STRIP = NO;
				DEBUG_INFORMATION_FORMAT = dwarf;
				ENABLE_STRICT_OBJC_MSGSEND = YES;
				ENABLE_TESTABILITY = YES;
				GCC_C_LANGUAGE_STANDARD = gnu11;
				GCC_DYNAMIC_NO_PIC = NO;
				GCC_NO_COMMON_BLOCKS = YES;
				GCC_OPTIMIZATION_LEVEL = 0;
				GCC_PREPROCESSOR_DEFINITIONS = (
					"DEBUG=1",
					"$(inherited)",
				);
				GCC_WARN_64_TO_32_BIT_CONVERSION = YES;
				GCC_WARN_ABOUT_RETURN_TYPE = YES_ERROR;
				GCC_WARN_UNDECLARED_SELECTOR = YES;
				GCC_WARN_UNINITIALIZED_AUTOS = YES_AGGRESSIVE;
				GCC_WARN_UNUSED_FUNCTION = YES;
				GCC_WARN_UNUSED_VARIABLE = YES;
				MACOSX_DEPLOYMENT_TARGET = 10.13;
				MTL_ENABLE_DEBUG_INFO = YES;
				ONLY_ACTIVE_ARCH = YES;
				SDKROOT = macosx;
				SWIFT_ACTIVE_COMPILATION_CONDITIONS = DEBUG;
				SWIFT_OPTIMIZATION_LEVEL = "-Onone";
			};
			name = Debug;
		};
		C889808B2110784C00C819E6 /* Release */ = {
			isa = XCBuildConfiguration;
			buildSettings = {
				ALWAYS_SEARCH_USER_PATHS = NO;
				CLANG_ANALYZER_NONNULL = YES;
				CLANG_ANALYZER_NUMBER_OBJECT_CONVERSION = YES_AGGRESSIVE;
				CLANG_CXX_LANGUAGE_STANDARD = "gnu++14";
				CLANG_CXX_LIBRARY = "libc++";
				CLANG_ENABLE_MODULES = YES;
				CLANG_ENABLE_OBJC_ARC = YES;
				CLANG_ENABLE_OBJC_WEAK = YES;
				CLANG_WARN_BLOCK_CAPTURE_AUTORELEASING = YES;
				CLANG_WARN_BOOL_CONVERSION = YES;
				CLANG_WARN_COMMA = YES;
				CLANG_WARN_CONSTANT_CONVERSION = YES;
				CLANG_WARN_DEPRECATED_OBJC_IMPLEMENTATIONS = YES;
				CLANG_WARN_DIRECT_OBJC_ISA_USAGE = YES_ERROR;
				CLANG_WARN_DOCUMENTATION_COMMENTS = YES;
				CLANG_WARN_EMPTY_BODY = YES;
				CLANG_WARN_ENUM_CONVERSION = YES;
				CLANG_WARN_INFINITE_RECURSION = YES;
				CLANG_WARN_INT_CONVERSION = YES;
				CLANG_WARN_NON_LITERAL_NULL_CONVERSION = YES;
				CLANG_WARN_OBJC_IMPLICIT_RETAIN_SELF = YES;
				CLANG_WARN_OBJC_LITERAL_CONVERSION = YES;
				CLANG_WARN_OBJC_ROOT_CLASS = YES_ERROR;
				CLANG_WARN_RANGE_LOOP_ANALYSIS = YES;
				CLANG_WARN_STRICT_PROTOTYPES = YES;
				CLANG_WARN_SUSPICIOUS_MOVE = YES;
				CLANG_WARN_UNGUARDED_AVAILABILITY = YES_AGGRESSIVE;
				CLANG_WARN_UNREACHABLE_CODE = YES;
				CLANG_WARN__DUPLICATE_METHOD_MATCH = YES;
				CODE_SIGN_IDENTITY = "Mac Developer";
				COPY_PHASE_STRIP = NO;
				DEBUG_INFORMATION_FORMAT = "dwarf-with-dsym";
				ENABLE_NS_ASSERTIONS = NO;
				ENABLE_STRICT_OBJC_MSGSEND = YES;
				GCC_C_LANGUAGE_STANDARD = gnu11;
				GCC_NO_COMMON_BLOCKS = YES;
				GCC_WARN_64_TO_32_BIT_CONVERSION = YES;
				GCC_WARN_ABOUT_RETURN_TYPE = YES_ERROR;
				GCC_WARN_UNDECLARED_SELECTOR = YES;
				GCC_WARN_UNINITIALIZED_AUTOS = YES_AGGRESSIVE;
				GCC_WARN_UNUSED_FUNCTION = YES;
				GCC_WARN_UNUSED_VARIABLE = YES;
				MACOSX_DEPLOYMENT_TARGET = 10.13;
				MTL_ENABLE_DEBUG_INFO = NO;
				SDKROOT = macosx;
				SWIFT_COMPILATION_MODE = wholemodule;
				SWIFT_OPTIMIZATION_LEVEL = "-O";
			};
			name = Release;
		};
		C889808D2110784C00C819E6 /* Debug */ = {
			isa = XCBuildConfiguration;
			buildSettings = {
				ASSETCATALOG_COMPILER_APPICON_NAME = AppIcon;
				CODE_SIGN_ENTITLEMENTS = XliffParser/XliffParser.entitlements;
				CODE_SIGN_STYLE = Automatic;
				COMBINE_HIDPI_IMAGES = YES;
				DEVELOPMENT_TEAM = 5B3Q9N6AS8;
				FRAMEWORK_SEARCH_PATHS = (
					"$(inherited)",
					"$(PROJECT_DIR)/XliffParser",
				);
				INFOPLIST_FILE = XliffParser/Info.plist;
				LD_RUNPATH_SEARCH_PATHS = (
					"$(inherited)",
					"@executable_path/../Frameworks",
				);
				PRODUCT_BUNDLE_IDENTIFIER = com.aww.XliffParser;
				PRODUCT_NAME = "$(TARGET_NAME)";
				SWIFT_VERSION = 4.0;
			};
			name = Debug;
		};
		C889808E2110784C00C819E6 /* Release */ = {
			isa = XCBuildConfiguration;
			buildSettings = {
				ASSETCATALOG_COMPILER_APPICON_NAME = AppIcon;
				CODE_SIGN_ENTITLEMENTS = XliffParser/XliffParser.entitlements;
				CODE_SIGN_STYLE = Automatic;
				COMBINE_HIDPI_IMAGES = YES;
				DEVELOPMENT_TEAM = 5B3Q9N6AS8;
				FRAMEWORK_SEARCH_PATHS = (
					"$(inherited)",
					"$(PROJECT_DIR)/XliffParser",
				);
				INFOPLIST_FILE = XliffParser/Info.plist;
				LD_RUNPATH_SEARCH_PATHS = (
					"$(inherited)",
					"@executable_path/../Frameworks",
				);
				PRODUCT_BUNDLE_IDENTIFIER = com.aww.XliffParser;
				PRODUCT_NAME = "$(TARGET_NAME)";
				SWIFT_VERSION = 4.0;
			};
			name = Release;
		};
/* End XCBuildConfiguration section */

/* Begin XCConfigurationList section */
		C88980772110784800C819E6 /* Build configuration list for PBXProject "XliffParser" */ = {
			isa = XCConfigurationList;
			buildConfigurations = (
				C889808A2110784C00C819E6 /* Debug */,
				C889808B2110784C00C819E6 /* Release */,
			);
			defaultConfigurationIsVisible = 0;
			defaultConfigurationName = Release;
		};
		C889808C2110784C00C819E6 /* Build configuration list for PBXNativeTarget "XliffParser" */ = {
			isa = XCConfigurationList;
			buildConfigurations = (
				C889808D2110784C00C819E6 /* Debug */,
				C889808E2110784C00C819E6 /* Release */,
			);
			defaultConfigurationIsVisible = 0;
			defaultConfigurationName = Release;
		};
/* End XCConfigurationList section */
	};
	rootObject = C88980742110784800C819E6 /* Project object */;
}
